{
    "_readme": [
        "This file locks the dependencies of your project to a known state",
        "Read more about it at https://getcomposer.org/doc/01-basic-usage.md#installing-dependencies",
        "This file is @generated automatically"
    ],
    "content-hash": "c213086ce0a8390e0884dacbfe7cb92e",
    "packages": [
        {
            "name": "darkfriend/hlhelpers",
            "version": "1.0.1",
            "source": {
                "type": "git",
                "url": "https://github.com/darkfriend/hlhelpers.git",
                "reference": "6174644d70eb1961368502ef57b7270a6ce10b5a"
            },
            "dist": {
                "type": "zip",
                "url": "https://api.github.com/repos/darkfriend/hlhelpers/zipball/6174644d70eb1961368502ef57b7270a6ce10b5a",
                "reference": "6174644d70eb1961368502ef57b7270a6ce10b5a",
                "shasum": ""
            },
            "require": {
                "php": ">=5.4"
            },
            "type": "library",
            "autoload": {
                "classmap": [
                    "./HLHelpers.php"
                ]
            },
            "notification-url": "https://packagist.org/downloads/",
            "authors": [
                {
                    "name": "darkfriend",
                    "email": "hi@darkfriend.ru"
                }
            ],
            "description": "Helper for Highloadblock Bitrix",
            "homepage": "https://github.com/darkfriend/hlhelpers",
            "keywords": [
                "1C-Bitrix",
                "bitrix",
                "darkfriend",
                "dev",
                "development",
                "helper",
                "highload",
                "highloadblock"
            ],
            "time": "2020-03-30T23:23:54+00:00"
        }
    ],
    "packages-dev": [],
    "aliases": [],
    "minimum-stability": "stable",
    "stability-flags": [],
    "prefer-stable": false,
    "prefer-lowest": false,
    "platform": [],
    "platform-dev": []
}
